// !$*UTF8*$!
{
	archiveVersion = 1;
	classes = {
	};
	objectVersion = 55;
	objects = {

/* Begin PBXBuildFile section */
		8362DD5928361A4B003CF6AB /* Tests_iOS.swift in Sources */ = {isa = PBXBuildFile; fileRef = 8362DD5828361A4B003CF6AB /* Tests_iOS.swift */; };
		8362DD5B28361A4B003CF6AB /* Tests_iOSLaunchTests.swift in Sources */ = {isa = PBXBuildFile; fileRef = 8362DD5A28361A4B003CF6AB /* Tests_iOSLaunchTests.swift */; };
		8362DD6528361A4B003CF6AB /* Tests_macOS.swift in Sources */ = {isa = PBXBuildFile; fileRef = 8362DD6428361A4B003CF6AB /* Tests_macOS.swift */; };
		8362DD6728361A4B003CF6AB /* Tests_macOSLaunchTests.swift in Sources */ = {isa = PBXBuildFile; fileRef = 8362DD6628361A4B003CF6AB /* Tests_macOSLaunchTests.swift */; };
		8362DD6828361A4B003CF6AB /* Test_AppApp.swift in Sources */ = {isa = PBXBuildFile; fileRef = 8362DD4028361A4A003CF6AB /* Test_AppApp.swift */; };
		8362DD6928361A4B003CF6AB /* Test_AppApp.swift in Sources */ = {isa = PBXBuildFile; fileRef = 8362DD4028361A4A003CF6AB /* Test_AppApp.swift */; };
		8362DD6A28361A4B003CF6AB /* ContentView.swift in Sources */ = {isa = PBXBuildFile; fileRef = 8362DD4128361A4A003CF6AB /* ContentView.swift */; };
		8362DD6B28361A4B003CF6AB /* ContentView.swift in Sources */ = {isa = PBXBuildFile; fileRef = 8362DD4128361A4A003CF6AB /* ContentView.swift */; };
		8362DD6C28361A4B003CF6AB /* Assets.xcassets in Resources */ = {isa = PBXBuildFile; fileRef = 8362DD4228361A4B003CF6AB /* Assets.xcassets */; };
		8362DD6D28361A4B003CF6AB /* Assets.xcassets in Resources */ = {isa = PBXBuildFile; fileRef = 8362DD4228361A4B003CF6AB /* Assets.xcassets */; };
/* End PBXBuildFile section */

/* Begin PBXContainerItemProxy section */
		8362DD5528361A4B003CF6AB /* PBXContainerItemProxy */ = {
			isa = PBXContainerItemProxy;
			containerPortal = 8362DD3B28361A4A003CF6AB /* Project object */;
			proxyType = 1;
			remoteGlobalIDString = 8362DD4628361A4B003CF6AB;
			remoteInfo = "Test_App (iOS)";
		};
		8362DD6128361A4B003CF6AB /* PBXContainerItemProxy */ = {
			isa = PBXContainerItemProxy;
			containerPortal = 8362DD3B28361A4A003CF6AB /* Project object */;
			proxyType = 1;
			remoteGlobalIDString = 8362DD4C28361A4B003CF6AB;
			remoteInfo = "Test_App (macOS)";
		};
/* End PBXContainerItemProxy section */

/* Begin PBXFileReference section */
		8362DD4028361A4A003CF6AB /* Test_AppApp.swift */ = {isa = PBXFileReference; lastKnownFileType = sourcecode.swift; path = Test_AppApp.swift; sourceTree = "<group>"; };
		8362DD4128361A4A003CF6AB /* ContentView.swift */ = {isa = PBXFileReference; lastKnownFileType = sourcecode.swift; path = ContentView.swift; sourceTree = "<group>"; };
		8362DD4228361A4B003CF6AB /* Assets.xcassets */ = {isa = PBXFileReference; lastKnownFileType = folder.assetcatalog; path = Assets.xcassets; sourceTree = "<group>"; };
		8362DD4728361A4B003CF6AB /* Test_App.app */ = {isa = PBXFileReference; explicitFileType = wrapper.application; includeInIndex = 0; path = Test_App.app; sourceTree = BUILT_PRODUCTS_DIR; };
		8362DD4D28361A4B003CF6AB /* Test_App.app */ = {isa = PBXFileReference; explicitFileType = wrapper.application; includeInIndex = 0; path = Test_App.app; sourceTree = BUILT_PRODUCTS_DIR; };
		8362DD4F28361A4B003CF6AB /* macOS.entitlements */ = {isa = PBXFileReference; lastKnownFileType = text.plist.entitlements; path = macOS.entitlements; sourceTree = "<group>"; };
		8362DD5428361A4B003CF6AB /* Tests iOS.xctest */ = {isa = PBXFileReference; explicitFileType = wrapper.cfbundle; includeInIndex = 0; path = "Tests iOS.xctest"; sourceTree = BUILT_PRODUCTS_DIR; };
		8362DD5828361A4B003CF6AB /* Tests_iOS.swift */ = {isa = PBXFileReference; lastKnownFileType = sourcecode.swift; path = Tests_iOS.swift; sourceTree = "<group>"; };
		8362DD5A28361A4B003CF6AB /* Tests_iOSLaunchTests.swift */ = {isa = PBXFileReference; lastKnownFileType = sourcecode.swift; path = Tests_iOSLaunchTests.swift; sourceTree = "<group>"; };
		8362DD6028361A4B003CF6AB /* Tests macOS.xctest */ = {isa = PBXFileReference; explicitFileType = wrapper.cfbundle; includeInIndex = 0; path = "Tests macOS.xctest"; sourceTree = BUILT_PRODUCTS_DIR; };
		8362DD6428361A4B003CF6AB /* Tests_macOS.swift */ = {isa = PBXFileReference; lastKnownFileType = sourcecode.swift; path = Tests_macOS.swift; sourceTree = "<group>"; };
		8362DD6628361A4B003CF6AB /* Tests_macOSLaunchTests.swift */ = {isa = PBXFileReference; lastKnownFileType = sourcecode.swift; path = Tests_macOSLaunchTests.swift; sourceTree = "<group>"; };
/* End PBXFileReference section */

/* Begin PBXFrameworksBuildPhase section */
		8362DD4428361A4B003CF6AB /* Frameworks */ = {
			isa = PBXFrameworksBuildPhase;
			buildActionMask = 2147483647;
			files = (
			);
			runOnlyForDeploymentPostprocessing = 0;
		};
		8362DD4A28361A4B003CF6AB /* Frameworks */ = {
			isa = PBXFrameworksBuildPhase;
			buildActionMask = 2147483647;
			files = (
			);
			runOnlyForDeploymentPostprocessing = 0;
		};
		8362DD5128361A4B003CF6AB /* Frameworks */ = {
			isa = PBXFrameworksBuildPhase;
			buildActionMask = 2147483647;
			files = (
			);
			runOnlyForDeploymentPostprocessing = 0;
		};
		8362DD5D28361A4B003CF6AB /* Frameworks */ = {
			isa = PBXFrameworksBuildPhase;
			buildActionMask = 2147483647;
			files = (
			);
			runOnlyForDeploymentPostprocessing = 0;
		};
/* End PBXFrameworksBuildPhase section */

/* Begin PBXGroup section */
		8362DD3A28361A4A003CF6AB = {
			isa = PBXGroup;
			children = (
				8362DD3F28361A4A003CF6AB /* Shared */,
				8362DD4E28361A4B003CF6AB /* macOS */,
				8362DD5728361A4B003CF6AB /* Tests iOS */,
				8362DD6328361A4B003CF6AB /* Tests macOS */,
				8362DD4828361A4B003CF6AB /* Products */,
			);
			sourceTree = "<group>";
		};
		8362DD3F28361A4A003CF6AB /* Shared */ = {
			isa = PBXGroup;
			children = (
				8362DD4028361A4A003CF6AB /* Test_AppApp.swift */,
				8362DD4128361A4A003CF6AB /* ContentView.swift */,
				8362DD4228361A4B003CF6AB /* Assets.xcassets */,
			);
			path = Shared;
			sourceTree = "<group>";
		};
		8362DD4828361A4B003CF6AB /* Products */ = {
			isa = PBXGroup;
			children = (
				8362DD4728361A4B003CF6AB /* Test_App.app */,
				8362DD4D28361A4B003CF6AB /* Test_App.app */,
				8362DD5428361A4B003CF6AB /* Tests iOS.xctest */,
				8362DD6028361A4B003CF6AB /* Tests macOS.xctest */,
			);
			name = Products;
			sourceTree = "<group>";
		};
		8362DD4E28361A4B003CF6AB /* macOS */ = {
			isa = PBXGroup;
			children = (
				8362DD4F28361A4B003CF6AB /* macOS.entitlements */,
			);
			path = macOS;
			sourceTree = "<group>";
		};
		8362DD5728361A4B003CF6AB /* Tests iOS */ = {
			isa = PBXGroup;
			children = (
				8362DD5828361A4B003CF6AB /* Tests_iOS.swift */,
				8362DD5A28361A4B003CF6AB /* Tests_iOSLaunchTests.swift */,
			);
			path = "Tests iOS";
			sourceTree = "<group>";
		};
		8362DD6328361A4B003CF6AB /* Tests macOS */ = {
			isa = PBXGroup;
			children = (
				8362DD6428361A4B003CF6AB /* Tests_macOS.swift */,
				8362DD6628361A4B003CF6AB /* Tests_macOSLaunchTests.swift */,
			);
			path = "Tests macOS";
			sourceTree = "<group>";
		};
/* End PBXGroup section */

/* Begin PBXNativeTarget section */
		8362DD4628361A4B003CF6AB /* Test_App (iOS) */ = {
			isa = PBXNativeTarget;
			buildConfigurationList = 8362DD7028361A4B003CF6AB /* Build configuration list for PBXNativeTarget "Test_App (iOS)" */;
			buildPhases = (
				8362DD4328361A4B003CF6AB /* Sources */,
				8362DD4428361A4B003CF6AB /* Frameworks */,
				8362DD4528361A4B003CF6AB /* Resources */,
			);
			buildRules = (
			);
			dependencies = (
			);
			name = "Test_App (iOS)";
			productName = "Test_App (iOS)";
			productReference = 8362DD4728361A4B003CF6AB /* Test_App.app */;
			productType = "com.apple.product-type.application";
		};
		8362DD4C28361A4B003CF6AB /* Test_App (macOS) */ = {
			isa = PBXNativeTarget;
			buildConfigurationList = 8362DD7328361A4B003CF6AB /* Build configuration list for PBXNativeTarget "Test_App (macOS)" */;
			buildPhases = (
				8362DD4928361A4B003CF6AB /* Sources */,
				8362DD4A28361A4B003CF6AB /* Frameworks */,
				8362DD4B28361A4B003CF6AB /* Resources */,
			);
			buildRules = (
			);
			dependencies = (
			);
			name = "Test_App (macOS)";
			productName = "Test_App (macOS)";
			productReference = 8362DD4D28361A4B003CF6AB /* Test_App.app */;
			productType = "com.apple.product-type.application";
		};
		8362DD5328361A4B003CF6AB /* Tests iOS */ = {
			isa = PBXNativeTarget;
			buildConfigurationList = 8362DD7628361A4B003CF6AB /* Build configuration list for PBXNativeTarget "Tests iOS" */;
			buildPhases = (
				8362DD5028361A4B003CF6AB /* Sources */,
				8362DD5128361A4B003CF6AB /* Frameworks */,
				8362DD5228361A4B003CF6AB /* Resources */,
			);
			buildRules = (
			);
			dependencies = (
				8362DD5628361A4B003CF6AB /* PBXTargetDependency */,
			);
			name = "Tests iOS";
			productName = "Tests iOS";
			productReference = 8362DD5428361A4B003CF6AB /* Tests iOS.xctest */;
			productType = "com.apple.product-type.bundle.ui-testing";
		};
		8362DD5F28361A4B003CF6AB /* Tests macOS */ = {
			isa = PBXNativeTarget;
			buildConfigurationList = 8362DD7928361A4B003CF6AB /* Build configuration list for PBXNativeTarget "Tests macOS" */;
			buildPhases = (
				8362DD5C28361A4B003CF6AB /* Sources */,
				8362DD5D28361A4B003CF6AB /* Frameworks */,
				8362DD5E28361A4B003CF6AB /* Resources */,
			);
			buildRules = (
			);
			dependencies = (
				8362DD6228361A4B003CF6AB /* PBXTargetDependency */,
			);
			name = "Tests macOS";
			productName = "Tests macOS";
			productReference = 8362DD6028361A4B003CF6AB /* Tests macOS.xctest */;
			productType = "com.apple.product-type.bundle.ui-testing";
		};
/* End PBXNativeTarget section */

/* Begin PBXProject section */
		8362DD3B28361A4A003CF6AB /* Project object */ = {
			isa = PBXProject;
			attributes = {
				BuildIndependentTargetsInParallel = 1;
				LastSwiftUpdateCheck = 1320;
				LastUpgradeCheck = 1320;
				TargetAttributes = {
					8362DD4628361A4B003CF6AB = {
						CreatedOnToolsVersion = 13.2.1;
					};
					8362DD4C28361A4B003CF6AB = {
						CreatedOnToolsVersion = 13.2.1;
					};
					8362DD5328361A4B003CF6AB = {
						CreatedOnToolsVersion = 13.2.1;
						TestTargetID = 8362DD4628361A4B003CF6AB;
					};
					8362DD5F28361A4B003CF6AB = {
						CreatedOnToolsVersion = 13.2.1;
						TestTargetID = 8362DD4C28361A4B003CF6AB;
					};
				};
			};
			buildConfigurationList = 8362DD3E28361A4A003CF6AB /* Build configuration list for PBXProject "Test_App" */;
			compatibilityVersion = "Xcode 13.0";
			developmentRegion = en;
			hasScannedForEncodings = 0;
			knownRegions = (
				en,
				Base,
			);
			mainGroup = 8362DD3A28361A4A003CF6AB;
			productRefGroup = 8362DD4828361A4B003CF6AB /* Products */;
			projectDirPath = "";
			projectRoot = "";
			targets = (
				8362DD4628361A4B003CF6AB /* Test_App (iOS) */,
				8362DD4C28361A4B003CF6AB /* Test_App (macOS) */,
				8362DD5328361A4B003CF6AB /* Tests iOS */,
				8362DD5F28361A4B003CF6AB /* Tests macOS */,
			);
		};
/* End PBXProject section */

/* Begin PBXResourcesBuildPhase section */
		8362DD4528361A4B003CF6AB /* Resources */ = {
			isa = PBXResourcesBuildPhase;
			buildActionMask = 2147483647;
			files = (
				8362DD6C28361A4B003CF6AB /* Assets.xcassets in Resources */,
			);
			runOnlyForDeploymentPostprocessing = 0;
		};
		8362DD4B28361A4B003CF6AB /* Resources */ = {
			isa = PBXResourcesBuildPhase;
			buildActionMask = 2147483647;
			files = (
				8362DD6D28361A4B003CF6AB /* Assets.xcassets in Resources */,
			);
			runOnlyForDeploymentPostprocessing = 0;
		};
		8362DD5228361A4B003CF6AB /* Resources */ = {
			isa = PBXResourcesBuildPhase;
			buildActionMask = 2147483647;
			files = (
			);
			runOnlyForDeploymentPostprocessing = 0;
		};
		8362DD5E28361A4B003CF6AB /* Resources */ = {
			isa = PBXResourcesBuildPhase;
			buildActionMask = 2147483647;
			files = (
			);
			runOnlyForDeploymentPostprocessing = 0;
		};
/* End PBXResourcesBuildPhase section */

/* Begin PBXSourcesBuildPhase section */
		8362DD4328361A4B003CF6AB /* Sources */ = {
			isa = PBXSourcesBuildPhase;
			buildActionMask = 2147483647;
			files = (
				8362DD6A28361A4B003CF6AB /* ContentView.swift in Sources */,
				8362DD6828361A4B003CF6AB /* Test_AppApp.swift in Sources */,
			);
			runOnlyForDeploymentPostprocessing = 0;
		};
		8362DD4928361A4B003CF6AB /* Sources */ = {
			isa = PBXSourcesBuildPhase;
			buildActionMask = 2147483647;
			files = (
				8362DD6B28361A4B003CF6AB /* ContentView.swift in Sources */,
				8362DD6928361A4B003CF6AB /* Test_AppApp.swift in Sources */,
			);
			runOnlyForDeploymentPostprocessing = 0;
		};
		8362DD5028361A4B003CF6AB /* Sources */ = {
			isa = PBXSourcesBuildPhase;
			buildActionMask = 2147483647;
			files = (
				8362DD5B28361A4B003CF6AB /* Tests_iOSLaunchTests.swift in Sources */,
				8362DD5928361A4B003CF6AB /* Tests_iOS.swift in Sources */,
			);
			runOnlyForDeploymentPostprocessing = 0;
		};
		8362DD5C28361A4B003CF6AB /* Sources */ = {
			isa = PBXSourcesBuildPhase;
			buildActionMask = 2147483647;
			files = (
				8362DD6728361A4B003CF6AB /* Tests_macOSLaunchTests.swift in Sources */,
				8362DD6528361A4B003CF6AB /* Tests_macOS.swift in Sources */,
			);
			runOnlyForDeploymentPostprocessing = 0;
		};
/* End PBXSourcesBuildPhase section */

/* Begin PBXTargetDependency section */
		8362DD5628361A4B003CF6AB /* PBXTargetDependency */ = {
			isa = PBXTargetDependency;
			target = 8362DD4628361A4B003CF6AB /* Test_App (iOS) */;
			targetProxy = 8362DD5528361A4B003CF6AB /* PBXContainerItemProxy */;
		};
		8362DD6228361A4B003CF6AB /* PBXTargetDependency */ = {
			isa = PBXTargetDependency;
			target = 8362DD4C28361A4B003CF6AB /* Test_App (macOS) */;
			targetProxy = 8362DD6128361A4B003CF6AB /* PBXContainerItemProxy */;
		};
/* End PBXTargetDependency section */

/* Begin XCBuildConfiguration section */
		8362DD6E28361A4B003CF6AB /* Debug */ = {
			isa = XCBuildConfiguration;
			buildSettings = {
				ALWAYS_SEARCH_USER_PATHS = NO;
				CLANG_ANALYZER_NONNULL = YES;
				CLANG_ANALYZER_NUMBER_OBJECT_CONVERSION = YES_AGGRESSIVE;
				CLANG_CXX_LANGUAGE_STANDARD = "gnu++17";
				CLANG_CXX_LIBRARY = "libc++";
				CLANG_ENABLE_MODULES = YES;
				CLANG_ENABLE_OBJC_ARC = YES;
				CLANG_ENABLE_OBJC_WEAK = YES;
				CLANG_WARN_BLOCK_CAPTURE_AUTORELEASING = YES;
				CLANG_WARN_BOOL_CONVERSION = YES;
				CLANG_WARN_COMMA = YES;
				CLANG_WARN_CONSTANT_CONVERSION = YES;
				CLANG_WARN_DEPRECATED_OBJC_IMPLEMENTATIONS = YES;
				CLANG_WARN_DIRECT_OBJC_ISA_USAGE = YES_ERROR;
				CLANG_WARN_DOCUMENTATION_COMMENTS = YES;
				CLANG_WARN_EMPTY_BODY = YES;
				CLANG_WARN_ENUM_CONVERSION = YES;
				CLANG_WARN_INFINITE_RECURSION = YES;
				CLANG_WARN_INT_CONVERSION = YES;
				CLANG_WARN_NON_LITERAL_NULL_CONVERSION = YES;
				CLANG_WARN_OBJC_IMPLICIT_RETAIN_SELF = YES;
				CLANG_WARN_OBJC_LITERAL_CONVERSION = YES;
				CLANG_WARN_OBJC_ROOT_CLASS = YES_ERROR;
				CLANG_WARN_QUOTED_INCLUDE_IN_FRAMEWORK_HEADER = YES;
				CLANG_WARN_RANGE_LOOP_ANALYSIS = YES;
				CLANG_WARN_STRICT_PROTOTYPES = YES;
				CLANG_WARN_SUSPICIOUS_MOVE = YES;
				CLANG_WARN_UNGUARDED_AVAILABILITY = YES_AGGRESSIVE;
				CLANG_WARN_UNREACHABLE_CODE = YES;
				CLANG_WARN__DUPLICATE_METHOD_MATCH = YES;
				COPY_PHASE_STRIP = NO;
				DEBUG_INFORMATION_FORMAT = dwarf;
				ENABLE_STRICT_OBJC_MSGSEND = YES;
				ENABLE_TESTABILITY = YES;
				GCC_C_LANGUAGE_STANDARD = gnu11;
				GCC_DYNAMIC_NO_PIC = NO;
				GCC_NO_COMMON_BLOCKS = YES;
				GCC_OPTIMIZATION_LEVEL = 0;
				GCC_PREPROCESSOR_DEFINITIONS = (
					"DEBUG=1",
					"$(inherited)",
				);
				GCC_WARN_64_TO_32_BIT_CONVERSION = YES;
				GCC_WARN_ABOUT_RETURN_TYPE = YES_ERROR;
				GCC_WARN_UNDECLARED_SELECTOR = YES;
				GCC_WARN_UNINITIALIZED_AUTOS = YES_AGGRESSIVE;
				GCC_WARN_UNUSED_FUNCTION = YES;
				GCC_WARN_UNUSED_VARIABLE = YES;
				MTL_ENABLE_DEBUG_INFO = INCLUDE_SOURCE;
				MTL_FAST_MATH = YES;
				ONLY_ACTIVE_ARCH = YES;
				SWIFT_ACTIVE_COMPILATION_CONDITIONS = DEBUG;
				SWIFT_OPTIMIZATION_LEVEL = "-Onone";
			};
			name = Debug;
		};
		8362DD6F28361A4B003CF6AB /* Release */ = {
			isa = XCBuildConfiguration;
			buildSettings = {
				ALWAYS_SEARCH_USER_PATHS = NO;
				CLANG_ANALYZER_NONNULL = YES;
				CLANG_ANALYZER_NUMBER_OBJECT_CONVERSION = YES_AGGRESSIVE;
				CLANG_CXX_LANGUAGE_STANDARD = "gnu++17";
				CLANG_CXX_LIBRARY = "libc++";
				CLANG_ENABLE_MODULES = YES;
				CLANG_ENABLE_OBJC_ARC = YES;
				CLANG_ENABLE_OBJC_WEAK = YES;
				CLANG_WARN_BLOCK_CAPTURE_AUTORELEASING = YES;
				CLANG_WARN_BOOL_CONVERSION = YES;
				CLANG_WARN_COMMA = YES;
				CLANG_WARN_CONSTANT_CONVERSION = YES;
				CLANG_WARN_DEPRECATED_OBJC_IMPLEMENTATIONS = YES;
				CLANG_WARN_DIRECT_OBJC_ISA_USAGE = YES_ERROR;
				CLANG_WARN_DOCUMENTATION_COMMENTS = YES;
				CLANG_WARN_EMPTY_BODY = YES;
				CLANG_WARN_ENUM_CONVERSION = YES;
				CLANG_WARN_INFINITE_RECURSION = YES;
				CLANG_WARN_INT_CONVERSION = YES;
				CLANG_WARN_NON_LITERAL_NULL_CONVERSION = YES;
				CLANG_WARN_OBJC_IMPLICIT_RETAIN_SELF = YES;
				CLANG_WARN_OBJC_LITERAL_CONVERSION = YES;
				CLANG_WARN_OBJC_ROOT_CLASS = YES_ERROR;
				CLANG_WARN_QUOTED_INCLUDE_IN_FRAMEWORK_HEADER = YES;
				CLANG_WARN_RANGE_LOOP_ANALYSIS = YES;
				CLANG_WARN_STRICT_PROTOTYPES = YES;
				CLANG_WARN_SUSPICIOUS_MOVE = YES;
				CLANG_WARN_UNGUARDED_AVAILABILITY = YES_AGGRESSIVE;
				CLANG_WARN_UNREACHABLE_CODE = YES;
				CLANG_WARN__DUPLICATE_METHOD_MATCH = YES;
				COPY_PHASE_STRIP = NO;
				DEBUG_INFORMATION_FORMAT = "dwarf-with-dsym";
				ENABLE_NS_ASSERTIONS = NO;
				ENABLE_STRICT_OBJC_MSGSEND = YES;
				GCC_C_LANGUAGE_STANDARD = gnu11;
				GCC_NO_COMMON_BLOCKS = YES;
				GCC_WARN_64_TO_32_BIT_CONVERSION = YES;
				GCC_WARN_ABOUT_RETURN_TYPE = YES_ERROR;
				GCC_WARN_UNDECLARED_SELECTOR = YES;
				GCC_WARN_UNINITIALIZED_AUTOS = YES_AGGRESSIVE;
				GCC_WARN_UNUSED_FUNCTION = YES;
				GCC_WARN_UNUSED_VARIABLE = YES;
				MTL_ENABLE_DEBUG_INFO = NO;
				MTL_FAST_MATH = YES;
				SWIFT_COMPILATION_MODE = wholemodule;
				SWIFT_OPTIMIZATION_LEVEL = "-O";
			};
			name = Release;
		};
		8362DD7128361A4B003CF6AB /* Debug */ = {
			isa = XCBuildConfiguration;
			buildSettings = {
				ASSETCATALOG_COMPILER_APPICON_NAME = AppIcon;
				ASSETCATALOG_COMPILER_GLOBAL_ACCENT_COLOR_NAME = AccentColor;
				CODE_SIGN_STYLE = Automatic;
				CURRENT_PROJECT_VERSION = 1;
				ENABLE_PREVIEWS = YES;
				GENERATE_INFOPLIST_FILE = YES;
				INFOPLIST_KEY_UIApplicationSceneManifest_Generation = YES;
				INFOPLIST_KEY_UIApplicationSupportsIndirectInputEvents = YES;
				INFOPLIST_KEY_UILaunchScreen_Generation = YES;
				INFOPLIST_KEY_UISupportedInterfaceOrientations_iPad = "UIInterfaceOrientationPortrait UIInterfaceOrientationPortraitUpsideDown UIInterfaceOrientationLandscapeLeft UIInterfaceOrientationLandscapeRight";
				INFOPLIST_KEY_UISupportedInterfaceOrientations_iPhone = "UIInterfaceOrientationPortrait UIInterfaceOrientationLandscapeLeft UIInterfaceOrientationLandscapeRight";
				IPHONEOS_DEPLOYMENT_TARGET = 15.2;
				LD_RUNPATH_SEARCH_PATHS = (
					"$(inherited)",
					"@executable_path/Frameworks",
				);
				MARKETING_VERSION = 1.0;
				PRODUCT_BUNDLE_IDENTIFIER = "italkorean.Test-App";
				PRODUCT_NAME = Test_App;
				SDKROOT = iphoneos;
				SWIFT_EMIT_LOC_STRINGS = YES;
				SWIFT_VERSION = 5.0;
				TARGETED_DEVICE_FAMILY = "1,2";
			};
			name = Debug;
		};
		8362DD7228361A4B003CF6AB /* Release */ = {
			isa = XCBuildConfiguration;
			buildSettings = {
				ASSETCATALOG_COMPILER_APPICON_NAME = AppIcon;
				ASSETCATALOG_COMPILER_GLOBAL_ACCENT_COLOR_NAME = AccentColor;
				CODE_SIGN_STYLE = Automatic;
				CURRENT_PROJECT_VERSION = 1;
				ENABLE_PREVIEWS = YES;
				GENERATE_INFOPLIST_FILE = YES;
				INFOPLIST_KEY_UIApplicationSceneManifest_Generation = YES;
				INFOPLIST_KEY_UIApplicationSupportsIndirectInputEvents = YES;
				INFOPLIST_KEY_UILaunchScreen_Generation = YES;
				INFOPLIST_KEY_UISupportedInterfaceOrientations_iPad = "UIInterfaceOrientationPortrait UIInterfaceOrientationPortraitUpsideDown UIInterfaceOrientationLandscapeLeft UIInterfaceOrientationLandscapeRight";
				INFOPLIST_KEY_UISupportedInterfaceOrientations_iPhone = "UIInterfaceOrientationPortrait UIInterfaceOrientationLandscapeLeft UIInterfaceOrientationLandscapeRight";
				IPHONEOS_DEPLOYMENT_TARGET = 15.2;
				LD_RUNPATH_SEARCH_PATHS = (
					"$(inherited)",
					"@executable_path/Frameworks",
				);
				MARKETING_VERSION = 1.0;
				PRODUCT_BUNDLE_IDENTIFIER = "italkorean.Test-App";
				PRODUCT_NAME = Test_App;
				SDKROOT = iphoneos;
				SWIFT_EMIT_LOC_STRINGS = YES;
				SWIFT_VERSION = 5.0;
				TARGETED_DEVICE_FAMILY = "1,2";
				VALIDATE_PRODUCT = YES;
			};
			name = Release;
		};
		8362DD7428361A4B003CF6AB /* Debug */ = {
			isa = XCBuildConfiguration;
			buildSettings = {
				ASSETCATALOG_COMPILER_APPICON_NAME = AppIcon;
				ASSETCATALOG_COMPILER_GLOBAL_ACCENT_COLOR_NAME = AccentColor;
				CODE_SIGN_ENTITLEMENTS = macOS/macOS.entitlements;
				CODE_SIGN_STYLE = Automatic;
				COMBINE_HIDPI_IMAGES = YES;
				CURRENT_PROJECT_VERSION = 1;
				ENABLE_PREVIEWS = YES;
				GENERATE_INFOPLIST_FILE = YES;
				INFOPLIST_KEY_NSHumanReadableCopyright = "";
				LD_RUNPATH_SEARCH_PATHS = (
					"$(inherited)",
					"@executable_path/../Frameworks",
				);
				MACOSX_DEPLOYMENT_TARGET = 12.1;
				MARKETING_VERSION = 1.0;
				PRODUCT_BUNDLE_IDENTIFIER = "italkorean.Test-App";
				PRODUCT_NAME = Test_App;
				SDKROOT = macosx;
				SWIFT_EMIT_LOC_STRINGS = YES;
				SWIFT_VERSION = 5.0;
			};
			name = Debug;
		};
		8362DD7528361A4B003CF6AB /* Release */ = {
			isa = XCBuildConfiguration;
			buildSettings = {
				ASSETCATALOG_COMPILER_APPICON_NAME = AppIcon;
				ASSETCATALOG_COMPILER_GLOBAL_ACCENT_COLOR_NAME = AccentColor;
				CODE_SIGN_ENTITLEMENTS = macOS/macOS.entitlements;
				CODE_SIGN_STYLE = Automatic;
				COMBINE_HIDPI_IMAGES = YES;
				CURRENT_PROJECT_VERSION = 1;
				ENABLE_PREVIEWS = YES;
				GENERATE_INFOPLIST_FILE = YES;
				INFOPLIST_KEY_NSHumanReadableCopyright = "";
				LD_RUNPATH_SEARCH_PATHS = (
					"$(inherited)",
					"@executable_path/../Frameworks",
				);
				MACOSX_DEPLOYMENT_TARGET = 12.1;
				MARKETING_VERSION = 1.0;
				PRODUCT_BUNDLE_IDENTIFIER = "italkorean.Test-App";
				PRODUCT_NAME = Test_App;
				SDKROOT = macosx;
				SWIFT_EMIT_LOC_STRINGS = YES;
				SWIFT_VERSION = 5.0;
			};
			name = Release;
		};
		8362DD7728361A4B003CF6AB /* Debug */ = {
			isa = XCBuildConfiguration;
			buildSettings = {
				ALWAYS_EMBED_SWIFT_STANDARD_LIBRARIES = YES;
				CODE_SIGN_STYLE = Automatic;
				CURRENT_PROJECT_VERSION = 1;
				GENERATE_INFOPLIST_FILE = YES;
				IPHONEOS_DEPLOYMENT_TARGET = 15.2;
				MARKETING_VERSION = 1.0;
				PRODUCT_BUNDLE_IDENTIFIER = "italkorean.Tests-iOS";
				PRODUCT_NAME = "$(TARGET_NAME)";
				SDKROOT = iphoneos;
				SWIFT_EMIT_LOC_STRINGS = NO;
				SWIFT_VERSION = 5.0;
				TARGETED_DEVICE_FAMILY = "1,2";
				TEST_TARGET_NAME = "Test_App (iOS)";
			};
			name = Debug;
		};
		8362DD7828361A4B003CF6AB /* Release */ = {
			isa = XCBuildConfiguration;
			buildSettings = {
				ALWAYS_EMBED_SWIFT_STANDARD_LIBRARIES = YES;
				CODE_SIGN_STYLE = Automatic;
				CURRENT_PROJECT_VERSION = 1;
				GENERATE_INFOPLIST_FILE = YES;
				IPHONEOS_DEPLOYMENT_TARGET = 15.2;
				MARKETING_VERSION = 1.0;
				PRODUCT_BUNDLE_IDENTIFIER = "italkorean.Tests-iOS";
				PRODUCT_NAME = "$(TARGET_NAME)";
				SDKROOT = iphoneos;
				SWIFT_EMIT_LOC_STRINGS = NO;
				SWIFT_VERSION = 5.0;
				TARGETED_DEVICE_FAMILY = "1,2";
				TEST_TARGET_NAME = "Test_App (iOS)";
				VALIDATE_PRODUCT = YES;
			};
			name = Release;
		};
		8362DD7A28361A4B003CF6AB /* Debug */ = {
			isa = XCBuildConfiguration;
			buildSettings = {
				ALWAYS_EMBED_SWIFT_STANDARD_LIBRARIES = YES;
				CODE_SIGN_STYLE = Automatic;
				CURRENT_PROJECT_VERSION = 1;
				GENERATE_INFOPLIST_FILE = YES;
				MACOSX_DEPLOYMENT_TARGET = 12.1;
				MARKETING_VERSION = 1.0;
				PRODUCT_BUNDLE_IDENTIFIER = "italkorean.Tests-macOS";
				PRODUCT_NAME = "$(TARGET_NAME)";
				SDKROOT = macosx;
				SWIFT_EMIT_LOC_STRINGS = NO;
				SWIFT_VERSION = 5.0;
				TEST_TARGET_NAME = "Test_App (macOS)";
			};
			name = Debug;
		};
		8362DD7B28361A4B003CF6AB /* Release */ = {
			isa = XCBuildConfiguration;
			buildSettings = {
				ALWAYS_EMBED_SWIFT_STANDARD_LIBRARIES = YES;
				CODE_SIGN_STYLE = Automatic;
				CURRENT_PROJECT_VERSION = 1;
				GENERATE_INFOPLIST_FILE = YES;
				MACOSX_DEPLOYMENT_TARGET = 12.1;
				MARKETING_VERSION = 1.0;
				PRODUCT_BUNDLE_IDENTIFIER = "italkorean.Tests-macOS";
				PRODUCT_NAME = "$(TARGET_NAME)";
				SDKROOT = macosx;
				SWIFT_EMIT_LOC_STRINGS = NO;
				SWIFT_VERSION = 5.0;
				TEST_TARGET_NAME = "Test_App (macOS)";
			};
			name = Release;
		};
/* End XCBuildConfiguration section */

/* Begin XCConfigurationList section */
		8362DD3E28361A4A003CF6AB /* Build configuration list for PBXProject "Test_App" */ = {
			isa = XCConfigurationList;
			buildConfigurations = (
				8362DD6E28361A4B003CF6AB /* Debug */,
				8362DD6F28361A4B003CF6AB /* Release */,
			);
			defaultConfigurationIsVisible = 0;
			defaultConfigurationName = Release;
		};
		8362DD7028361A4B003CF6AB /* Build configuration list for PBXNativeTarget "Test_App (iOS)" */ = {
			isa = XCConfigurationList;
			buildConfigurations = (
				8362DD7128361A4B003CF6AB /* Debug */,
				8362DD7228361A4B003CF6AB /* Release */,
			);
			defaultConfigurationIsVisible = 0;
			defaultConfigurationName = Release;
		};
		8362DD7328361A4B003CF6AB /* Build configuration list for PBXNativeTarget "Test_App (macOS)" */ = {
			isa = XCConfigurationList;
			buildConfigurations = (
				8362DD7428361A4B003CF6AB /* Debug */,
				8362DD7528361A4B003CF6AB /* Release */,
			);
			defaultConfigurationIsVisible = 0;
			defaultConfigurationName = Release;
		};
		8362DD7628361A4B003CF6AB /* Build configuration list for PBXNativeTarget "Tests iOS" */ = {
			isa = XCConfigurationList;
			buildConfigurations = (
				8362DD7728361A4B003CF6AB /* Debug */,
				8362DD7828361A4B003CF6AB /* Release */,
			);
			defaultConfigurationIsVisible = 0;
			defaultConfigurationName = Release;
		};
		8362DD7928361A4B003CF6AB /* Build configuration list for PBXNativeTarget "Tests macOS" */ = {
			isa = XCConfigurationList;
			buildConfigurations = (
				8362DD7A28361A4B003CF6AB /* Debug */,
				8362DD7B28361A4B003CF6AB /* Release */,
			);
			defaultConfigurationIsVisible = 0;
			defaultConfigurationName = Release;
		};
/* End XCConfigurationList section */
	};
	rootObject = 8362DD3B28361A4A003CF6AB /* Project object */;
}
